
Microsoft Visual Studio Solution File, Format Version 12.00
# Visual Studio Version 17
VisualStudioVersion = 17.1.32228.430
MinimumVisualStudioVersion = 10.0.40219.1
Project("{FAE04EC0-301F-11D3-BF4B-00C04F79EFBC}") = "ASPDotNetWebApplicationDotNetFramework", "ASPDotNetWebApplicationDotNetFramework\ASPDotNetWebApplicationDotNetFramework.csproj", "{E0945EFB-F977-495A-AD94-A98960E5E130}"
EndProject
Global
	GlobalSection(SolutionConfigurationPlatforms) = preSolution
		Debug|Any CPU = Debug|Any CPU
		Release|Any CPU = Release|Any CPU
	EndGlobalSection
	GlobalSection(ProjectConfigurationPlatforms) = postSolution
		{E0945EFB-F977-495A-AD94-A98960E5E130}.Debug|Any CPU.ActiveCfg = Debug|Any CPU
		{E0945EFB-F977-495A-AD94-A98960E5E130}.Debug|Any CPU.Build.0 = Debug|Any CPU
		{E0945EFB-F977-495A-AD94-A98960E5E130}.Release|Any CPU.ActiveCfg = Release|Any CPU
		{E0945EFB-F977-495A-AD94-A98960E5E130}.Release|Any CPU.Build.0 = Release|Any CPU
	EndGlobalSection
	GlobalSection(SolutionProperties) = preSolution
		HideSolutionNode = FALSE
	EndGlobalSection
	GlobalSection(ExtensibilityGlobals) = postSolution
		SolutionGuid = {28C4C4DA-AD12-4FEA-A209-EF1D44DD0BC7}
	EndGlobalSection
EndGlobal
